{
  "name": "mod-pos",
  "version": "0.0.0",
  "lockfileVersion": 1,
  "requires": true,
  "dependencies": {
    "@interactjs/actions": {
      "version": "1.9.14",
      "resolved": "https://registry.npmjs.org/@interactjs/actions/-/actions-1.9.14.tgz",
      "integrity": "sha512-FhtioVsdQjiLbJ+yo+3+40xyt+1D9+/Si+iXHCA8K5YApmkjLlPFSkP5uk3g/ZEaP9tS6LfQktk0WcX/3QVKSQ==",
      "requires": {
        "@interactjs/interact": "1.9.14"
      }
    },
    "@interactjs/arrange": {
      "version": "1.9.14",
      "resolved": "https://registry.npmjs.org/@interactjs/arrange/-/arrange-1.9.14.tgz",
      "integrity": "sha512-UnkbNZLl9IU13OQsSIukWT4aFH9Gw13Cm5QY7EPG3jt3z6S+U0rDvjeFsKwD0enQSUT932RkyAyNWuJPuAUq6g=="
    },
    "@interactjs/auto-scroll": {
      "version": "1.9.14",
      "resolved": "https://registry.npmjs.org/@interactjs/auto-scroll/-/auto-scroll-1.9.14.tgz",
      "integrity": "sha512-a68iY8Wq5gp1sOwfFUIjPtwC87IJLumLD2xN1P8YGX5uWwNp6585YGHxMX7zRwv0VAQl4UukZ6JG3HgdQiNNBQ==",
      "requires": {
        "@interactjs/interact": "1.9.14"
      }
    },
    "@interactjs/auto-start": {
      "version": "1.9.14",
      "resolved": "https://registry.npmjs.org/@interactjs/auto-start/-/auto-start-1.9.14.tgz",
      "integrity": "sha512-nR++nGuAP3KvFjKUHl8Oil8NSYZYeBbRl2z6juyP3r3v6gbiyoHy/NkazXamMqpokrbkhE27/i8B0oBkQAgfYw==",
      "requires": {
        "@interactjs/interact": "1.9.14"
      }
    },
    "@interactjs/clone": {
      "version": "1.9.14",
      "resolved": "https://registry.npmjs.org/@interactjs/clone/-/clone-1.9.14.tgz",
      "integrity": "sha512-Ukf1M/sh2DLT0qTiOHFKcyaPtBM5eTTNP8WBZ8YqAMjIY6eP3Hf43VzqKR2MBNy6aZbudftc/N11MuP084CsMw=="
    },
    "@interactjs/core": {
      "version": "1.9.14",
      "resolved": "https://registry.npmjs.org/@interactjs/core/-/core-1.9.14.tgz",
      "integrity": "sha512-lFAjPd8WvLQ0tgM1dnfUpYq8M+dHcFQDZr+AISAHZkkdDPcgAZagM4WoSaEAi2zPqkFT9brtT5DOIOLVgWJaHw=="
    },
    "@interactjs/dev-tools": {
      "version": "1.9.14",
      "resolved": "https://registry.npmjs.org/@interactjs/dev-tools/-/dev-tools-1.9.14.tgz",
      "integrity": "sha512-h3pjJL+qr/TwwDy1/DdUgHhc/DBQFDjHDvYcBB/eIO+zZDa9+wvxY+5mewxpWmheIMCPIlSV47Iiqw8FokssfQ==",
      "requires": {
        "@interactjs/interact": "1.9.14",
        "@interactjs/utils": "1.9.14"
      }
    },
    "@interactjs/feedback": {
      "version": "1.9.14",
      "resolved": "https://registry.npmjs.org/@interactjs/feedback/-/feedback-1.9.14.tgz",
      "integrity": "sha512-GtxqKu5AFaLGstDbxx4J29yU+mCoWhUmBji3BV1Bp0cUHjlKKFBWchHHthqSPQ2s4iaixmxLrHzfF5DmBZoKZw=="
    },
    "@interactjs/inertia": {
      "version": "1.9.14",
      "resolved": "https://registry.npmjs.org/@interactjs/inertia/-/inertia-1.9.14.tgz",
      "integrity": "sha512-z64TLa3f7MHjsboYf4+BuKKWvT2BjccvWadL8MG3M1Uo2M8nBiUUrJ0l5cwzZmdQjsFTknIiB8DcCmA1v4peNQ==",
      "requires": {
        "@interactjs/interact": "1.9.14",
        "@interactjs/offset": "1.9.14"
      }
    },
    "@interactjs/interact": {
      "version": "1.9.14",
      "resolved": "https://registry.npmjs.org/@interactjs/interact/-/interact-1.9.14.tgz",
      "integrity": "sha512-cTGOmG4alIjBh9Pd7hZRRE+ncAFMCkfnow4wRjeW5mrg0rPocydpOihg1sY5sxkSES/V+6gqYmwyl57N/KL4WA==",
      "requires": {
        "@interactjs/core": "1.9.14",
        "@interactjs/utils": "1.9.14"
      }
    },
    "@interactjs/interactjs": {
      "version": "1.9.14",
      "resolved": "https://registry.npmjs.org/@interactjs/interactjs/-/interactjs-1.9.14.tgz",
      "integrity": "sha512-jXfdUt/CLIES0opi1O+tAxpxwCKB5lBx0qm7/+b6zyCtpH/WD/+9Fp34UhUKcqKLd95zS0BZ7Cmmwyosn+EwYA==",
      "requires": {
        "@interactjs/actions": "1.9.14",
        "@interactjs/arrange": "1.9.14",
        "@interactjs/auto-scroll": "1.9.14",
        "@interactjs/auto-start": "1.9.14",
        "@interactjs/clone": "1.9.14",
        "@interactjs/core": "1.9.14",
        "@interactjs/dev-tools": "1.9.14",
        "@interactjs/feedback": "1.9.14",
        "@interactjs/inertia": "1.9.14",
        "@interactjs/interact": "1.9.14",
        "@interactjs/modifiers": "1.9.14",
        "@interactjs/multi-target": "1.9.14",
        "@interactjs/offset": "1.9.14",
        "@interactjs/pointer-events": "1.9.14",
        "@interactjs/react": "1.9.14",
        "@interactjs/reflow": "1.9.14",
        "@interactjs/utils": "1.9.14",
        "@interactjs/vue": "1.9.14"
      }
    },
    "@interactjs/modifiers": {
      "version": "1.9.14",
      "resolved": "https://registry.npmjs.org/@interactjs/modifiers/-/modifiers-1.9.14.tgz",
      "integrity": "sha512-8DYacsmASQzvcHBbSRWxYuu6tvTko4JqZiho0WAE4jIhiM4xlSbyXNda/0Jf+EtceNsNss/A8wrzFWQHsieYFw==",
      "requires": {
        "@interactjs/interact": "1.9.14",
        "@interactjs/snappers": "1.9.14"
      }
    },
    "@interactjs/multi-target": {
      "version": "1.9.14",
      "resolved": "https://registry.npmjs.org/@interactjs/multi-target/-/multi-target-1.9.14.tgz",
      "integrity": "sha512-29L8a85NMylqAe8c41LxwtVYWVPH1hlGVby/UuLWtf6bL9lUZxgn/5hvnbI5N0Hy8GC0AR5H5cU9H875FhBJ7g=="
    },
    "@interactjs/offset": {
      "version": "1.9.14",
      "resolved": "https://registry.npmjs.org/@interactjs/offset/-/offset-1.9.14.tgz",
      "integrity": "sha512-DfUG6kJeez0UGebvBAwXCitwWIiEWIZ6+KSmg9XrlHcNExlVajk20MyFxozN9Uvw46EaDntjBDaZ+37bHJ6toQ==",
      "requires": {
        "@interactjs/interact": "1.9.14"
      }
    },
    "@interactjs/pointer-events": {
      "version": "1.9.14",
      "resolved": "https://registry.npmjs.org/@interactjs/pointer-events/-/pointer-events-1.9.14.tgz",
      "integrity": "sha512-C5YSJIrHeoFU70tmVEk2e0J95q2E6+GNDatQ2VyW+STKCKtfW54bL2dad4+US2KaS7fgIfQIw31EiRW41p9Y6A==",
      "requires": {
        "@interactjs/interact": "1.9.14"
      }
    },
    "@interactjs/react": {
      "version": "1.9.14",
      "resolved": "https://registry.npmjs.org/@interactjs/react/-/react-1.9.14.tgz",
      "integrity": "sha512-FQXUymR9mICOqv71YB2UH0M0YB6g9dpKjfCater9ypOZ8RikRS5wFmP/KSv+wV/alyAI7DY2SAYAj06W0AW22A=="
    },
    "@interactjs/reflow": {
      "version": "1.9.14",
      "resolved": "https://registry.npmjs.org/@interactjs/reflow/-/reflow-1.9.14.tgz",
      "integrity": "sha512-EHFFcGj/M2kBxOvNbxIg0p94xJdekZRAZw2kWnwNu9sma4OmIeXvRuG7CXTw7izRjwg5GQnq2lJRyNDbnBlLmw==",
      "requires": {
        "@interactjs/interact": "1.9.14"
      }
    },
    "@interactjs/snappers": {
      "version": "1.9.14",
      "resolved": "https://registry.npmjs.org/@interactjs/snappers/-/snappers-1.9.14.tgz",
      "integrity": "sha512-b2FuCzSlhGXYNHu2FkQONS8/ZRotoJKHuvNe9b9/5iP/Fmt2hKvbqJI46Tr/zQLLf8kyTtqAcHBAlQnN3hKqiw=="
    },
    "@interactjs/types": {
      "version": "1.9.14",
      "resolved": "https://registry.npmjs.org/@interactjs/types/-/types-1.9.14.tgz",
      "integrity": "sha512-0mPNbpwbpdIWoZOeMdf4UYc1cRF/1KkI3G4XeYwCefW/HkpHjI/l0BVEPMH9/gkCpMEThSFOP3eESijIahAkAw==",
      "requires": {
        "@interactjs/actions": "1.9.14",
        "@interactjs/arrange": "1.9.14",
        "@interactjs/auto-scroll": "1.9.14",
        "@interactjs/auto-start": "1.9.14",
        "@interactjs/core": "1.9.14",
        "@interactjs/dev-tools": "1.9.14",
        "@interactjs/inertia": "1.9.14",
        "@interactjs/interact": "1.9.14",
        "@interactjs/interactjs": "1.9.14",
        "@interactjs/modifiers": "1.9.14",
        "@interactjs/pointer-events": "1.9.14",
        "@interactjs/reflow": "1.9.14",
        "@interactjs/snappers": "1.9.14",
        "@interactjs/utils": "1.9.14"
      }
    },
    "@interactjs/utils": {
      "version": "1.9.14",
      "resolved": "https://registry.npmjs.org/@interactjs/utils/-/utils-1.9.14.tgz",
      "integrity": "sha512-l0HFYdhtCrCHXEoY3hFl09+fOdOIZ5b9FgRrY2ryha/HAnY+oemBwVP6zCwVKbk1LWQh/wpGFbsUKP7CYcdGUA=="
    },
    "@interactjs/vue": {
      "version": "1.9.14",
      "resolved": "https://registry.npmjs.org/@interactjs/vue/-/vue-1.9.14.tgz",
      "integrity": "sha512-ORc4AnfEmhoHQtzcMmwygCVB6esEDZu7ZPJv+VyAcIBDEmJbeh2tmoJQvm2MqAdRboy26zxbBZF8MOT50swF1Q=="
    },
    "interactjs": {
      "version": "1.9.14",
      "resolved": "https://registry.npmjs.org/interactjs/-/interactjs-1.9.14.tgz",
      "integrity": "sha512-PML8wOgUOyQZ0/iVen2SMx3hoCvUZ8v96a8edfjb2ZLLYCmXdrTH+0Ub+hge0nyfFj/zMc8+Kgy20xzNF3G+iA==",
      "requires": {
        "@interactjs/types": "1.9.14"
      }
    },
    "requirejs": {
      "version": "2.3.6",
      "resolved": "https://registry.npmjs.org/requirejs/-/requirejs-2.3.6.tgz",
      "integrity": "sha512-ipEzlWQe6RK3jkzikgCupiTbTvm4S0/CAU5GlgptkN5SO6F3u0UD0K18wy6ErDqiCyP4J4YYe1HuAShvsxePLg=="
    }
  }
}
